
Microsoft Visual Studio Solution File, Format Version 12.00
# Visual Studio Version 16
VisualStudioVersion = 16.0.30523.141
MinimumVisualStudioVersion = 10.0.40219.1
Project("{9092AA53-FB77-4645-B42D-1CCCA6BD08BD}") = "SampleNodeJsServer", "SampleNodeJsServer\SampleNodeJsServer.njsproj", "{C6126240-0743-4C35-8D9A-F98CA266138A}"
EndProject
Global
	GlobalSection(SolutionConfigurationPlatforms) = preSolution
		Debug|Any CPU = Debug|Any CPU
		Release|Any CPU = Release|Any CPU
	EndGlobalSection
	GlobalSection(ProjectConfigurationPlatforms) = postSolution
		{C6126240-0743-4C35-8D9A-F98CA266138A}.Debug|Any CPU.ActiveCfg = Debug|Any CPU
		{C6126240-0743-4C35-8D9A-F98CA266138A}.Debug|Any CPU.Build.0 = Debug|Any CPU
		{C6126240-0743-4C35-8D9A-F98CA266138A}.Release|Any CPU.ActiveCfg = Release|Any CPU
		{C6126240-0743-4C35-8D9A-F98CA266138A}.Release|Any CPU.Build.0 = Release|Any CPU
	EndGlobalSection
	GlobalSection(SolutionProperties) = preSolution
		HideSolutionNode = FALSE
	EndGlobalSection
	GlobalSection(ExtensibilityGlobals) = postSolution
		SolutionGuid = {72D0F7D8-9614-402D-B27C-07A1FCED702C}
	EndGlobalSection
EndGlobal
